{
	"name": "@huobi-dev/utils",
	"version": "1.0.5",
	"lockfileVersion": 1,
	"requires": true,
	"dependencies": {
		"imooc-test-wuwx": {
			"version": "1.0.1",
			"resolved": "https://registry.npmmirror.com/imooc-test-wuwx/-/imooc-test-wuwx-1.0.1.tgz",
			"integrity": "sha512-VSToJgH3ZxUxowi4r8YitTX5WaXJNFQ6ZvAsZPPfs9ebB7VdkyxDipfr1xuzgxkni4q507g4yviCuPj70lzhwQ=="
		}
	}
}
